
Microsoft Visual Studio Solution File, Format Version 12.00
# Visual Studio 15
VisualStudioVersion = 15.0.28010.2026
MinimumVisualStudioVersion = 10.0.40219.1
Project("{FAE04EC0-301F-11D3-BF4B-00C04F79EFBC}") = "Polynomial", "Polynomial\Polynomial.csproj", "{8CF00C05-34AD-4139-AC1A-A34F151F56CE}"
EndProject
Global
	GlobalSection(SolutionConfigurationPlatforms) = preSolution
		Debug|Any CPU = Debug|Any CPU
		Release|Any CPU = Release|Any CPU
	EndGlobalSection
	GlobalSection(ProjectConfigurationPlatforms) = postSolution
		{8CF00C05-34AD-4139-AC1A-A34F151F56CE}.Debug|Any CPU.ActiveCfg = Debug|Any CPU
		{8CF00C05-34AD-4139-AC1A-A34F151F56CE}.Debug|Any CPU.Build.0 = Debug|Any CPU
		{8CF00C05-34AD-4139-AC1A-A34F151F56CE}.Release|Any CPU.ActiveCfg = Release|Any CPU
		{8CF00C05-34AD-4139-AC1A-A34F151F56CE}.Release|Any CPU.Build.0 = Release|Any CPU
	EndGlobalSection
	GlobalSection(SolutionProperties) = preSolution
		HideSolutionNode = FALSE
	EndGlobalSection
	GlobalSection(ExtensibilityGlobals) = postSolution
		SolutionGuid = {00EBDE8D-06F8-4E22-B17F-8FDDBC09EB2B}
	EndGlobalSection
EndGlobal
